
Microsoft Visual Studio Solution File, Format Version 12.00
# Visual Studio Version 16
VisualStudioVersion = 16.0.29613.14
MinimumVisualStudioVersion = 10.0.40219.1
Project("{FAE04EC0-301F-11D3-BF4B-00C04F79EFBC}") = "leave-management", "leave-management\leave-management.csproj", "{B3CD39BE-BBC6-420A-8CF8-6E619218BFC6}"
EndProject
Global
	GlobalSection(SolutionConfigurationPlatforms) = preSolution
		Debug|Any CPU = Debug|Any CPU
		Release|Any CPU = Release|Any CPU
	EndGlobalSection
	GlobalSection(ProjectConfigurationPlatforms) = postSolution
		{B3CD39BE-BBC6-420A-8CF8-6E619218BFC6}.Debug|Any CPU.ActiveCfg = Debug|Any CPU
		{B3CD39BE-BBC6-420A-8CF8-6E619218BFC6}.Debug|Any CPU.Build.0 = Debug|Any CPU
		{B3CD39BE-BBC6-420A-8CF8-6E619218BFC6}.Release|Any CPU.ActiveCfg = Release|Any CPU
		{B3CD39BE-BBC6-420A-8CF8-6E619218BFC6}.Release|Any CPU.Build.0 = Release|Any CPU
	EndGlobalSection
	GlobalSection(SolutionProperties) = preSolution
		HideSolutionNode = FALSE
	EndGlobalSection
	GlobalSection(ExtensibilityGlobals) = postSolution
		SolutionGuid = {63373044-0A5A-43AE-BC04-CBC7E492D628}
	EndGlobalSection
EndGlobal
